# THIS IS AN AUTOGENERATED FILE. DO NOT EDIT THIS FILE DIRECTLY.
# yarn lockfile v1


"@alicloud/pop-core@^1.7.9":
  version "1.7.9"
  resolved "https://registry.npm.taobao.org/@alicloud/pop-core/download/@alicloud/pop-core-1.7.9.tgz?cache=0&sync_timestamp=1576663991824&other_urls=https%3A%2F%2Fregistry.npm.taobao.org%2F%40alicloud%2Fpop-core%2Fdownload%2F%40alicloud%2Fpop-core-1.7.9.tgz#97c0c5bb591894feda87e8a82d45c117bebbde13"
  integrity sha1-l8DFu1kYlP7ah+ioLUXBF7673hM=
  dependencies:
    debug "^3.1.0"
    httpx "^2.1.2"
    json-bigint "^0.2.3"
    kitx "^1.2.1"
    xml2js "^0.4.17"

"@types/node@^12.0.2":
  version "12.12.32"
  resolved "https://registry.npm.taobao.org/@types/node/download/@types/node-12.12.32.tgz#0ccc836d273e8a3cddf568daf22729cfa57c1925"
  integrity sha1-DMyDbSc+ijzd9Wja8icpz6V8GSU=

bignumber.js@^4.0.0:
  version "4.1.0"
  resolved "https://registry.npm.taobao.org/bignumber.js/download/bignumber.js-4.1.0.tgz#db6f14067c140bd46624815a7916c92d9b6c24b1"
  integrity sha1-228UBnwUC9RmJIFaeRbJLZtsJLE=

debug@^3.1.0:
  version "3.2.6"
  resolved "https://registry.npm.taobao.org/debug/download/debug-3.2.6.tgz#e83d17de16d8a7efb7717edbe5fb10135eee629b"
  integrity sha1-6D0X3hbYp++3cX7b5fsQE17uYps=
  dependencies:
    ms "^2.1.1"

debug@^4.1.1:
  version "4.1.1"
  resolved "https://registry.npm.taobao.org/debug/download/debug-4.1.1.tgz#3b72260255109c6b589cee050f1d516139664791"
  integrity sha1-O3ImAlUQnGtYnO4FDx1RYTlmR5E=
  dependencies:
    ms "^2.1.1"

httpx@^2.1.2:
  version "2.2.3"
  resolved "https://registry.npm.taobao.org/httpx/download/httpx-2.2.3.tgz#b7ec4e54c1946a13f3ad6639483ce03ba280fb24"
  integrity sha1-t+xOVMGUahPzrWY5SDzgO6KA+yQ=
  dependencies:
    "@types/node" "^12.0.2"
    debug "^4.1.1"

json-bigint@^0.2.3:
  version "0.2.3"
  resolved "https://registry.npm.taobao.org/json-bigint/download/json-bigint-0.2.3.tgz#118d7f6ff1d38659f19f94cf73e64a75a3f988a8"
  integrity sha1-EY1/b/HThlnxn5TPc+ZKdaP5iKg=
  dependencies:
    bignumber.js "^4.0.0"

kitx@^1.2.1:
  version "1.3.0"
  resolved "https://registry.npm.taobao.org/kitx/download/kitx-1.3.0.tgz#ab3ee7c598d2b1d629fd55568f868c4440c200ea"
  integrity sha1-qz7nxZjSsdYp/VVWj4aMREDCAOo=

lodash@^4.17.15:
  version "4.17.15"
  resolved "https://registry.npm.taobao.org/lodash/download/lodash-4.17.15.tgz#b447f6670a0455bbfeedd11392eff330ea097548"
  integrity sha1-tEf2ZwoEVbv+7dETku/zMOoJdUg=

ms@^2.1.1:
  version "2.1.2"
  resolved "https://registry.npm.taobao.org/ms/download/ms-2.1.2.tgz#d09d1f357b443f493382a8eb3ccd183872ae6009"
  integrity sha1-0J0fNXtEP0kzgqjrPM0YOHKuYAk=

sax@>=0.6.0:
  version "1.2.4"
  resolved "https://registry.npm.taobao.org/sax/download/sax-1.2.4.tgz#2816234e2378bddc4e5354fab5caa895df7100d9"
  integrity sha1-KBYjTiN4vdxOU1T6tcqold9xANk=

xml2js@^0.4.17:
  version "0.4.23"
  resolved "https://registry.npm.taobao.org/xml2js/download/xml2js-0.4.23.tgz?cache=0&sync_timestamp=1576776179444&other_urls=https%3A%2F%2Fregistry.npm.taobao.org%2Fxml2js%2Fdownload%2Fxml2js-0.4.23.tgz#a0c69516752421eb2ac758ee4d4ccf58843eac66"
  integrity sha1-oMaVFnUkIesqx1juTUzPWIQ+rGY=
  dependencies:
    sax ">=0.6.0"
    xmlbuilder "~11.0.0"

xmlbuilder@~11.0.0:
  version "11.0.1"
  resolved "https://registry.npm.taobao.org/xmlbuilder/download/xmlbuilder-11.0.1.tgz?cache=0&sync_timestamp=1585220198684&other_urls=https%3A%2F%2Fregistry.npm.taobao.org%2Fxmlbuilder%2Fdownload%2Fxmlbuilder-11.0.1.tgz#be9bae1c8a046e76b31127726347d0ad7002beb3"
  integrity sha1-vpuuHIoEbnazESdyY0fQrXACvrM=
